dependencies:
  abobija/rc522:
    component_hash: 041887e58a81f8261aa370bd5f62b54edfe0396e226fb565ae14ce41af0ad891
    dependencies:
    - name: idf
      require: private
      version: ^5.0
    source:
      registry_url: https://components.espressif.com/
      type: service
    version: 3.4.3
  espressif/cjson:
    component_hash: 9372811fb197926f522c467627cf4a8e72b681e0366e17879631da801103aef3
    dependencies:
    - name: idf
      require: private
      version: '>=5.0'
    source:
      registry_url: https://components.espressif.com/
      type: service
    version: 1.7.19
  idf:
    source:
      type: idf
    version: 5.5.1
  joltwallet/littlefs:
    component_hash: 1808d73e99168f6f3c26dd31799a248484762b3a320ec4962dec11a145f4277f
    dependencies:
    - name: idf
      require: private
      version: '>=5.0'
    source:
      registry_url: https://components.espressif.com/
      type: service
    version: 1.20.3
direct_dependencies:
- abobija/rc522
- espressif/cjson
- joltwallet/littlefs
manifest_hash: cc275d0b6b43c371a95e1affd8e565a896fea013a0f09d3dfcd8a6413c5915cb
target: esp32
version: 2.0.0
